
Microsoft Visual Studio Solution File, Format Version 12.00
# Visual Studio Version 17
VisualStudioVersion = 17.9.34728.123
MinimumVisualStudioVersion = 10.0.40219.1
Project("{9A19103F-16F7-4668-BE54-9A1E7A4F7556}") = "DivisoMauiOPG", "DivisoMauiOPG\DivisoMauiOPG.csproj", "{8F3BF759-D5E6-4DD9-A58C-9B6FBC5F2C1C}"
EndProject
Project("{9A19103F-16F7-4668-BE54-9A1E7A4F7556}") = "CLDB", "CLDB\CLDB.csproj", "{B99CDA29-5060-40F6-943C-47F333E68585}"
EndProject
Project("{FAE04EC0-301F-11D3-BF4B-00C04F79EFBC}") = "Models", "Models\Models.csproj", "{14AE023E-A7C1-4D8F-BCB8-A06322645B60}"
EndProject
Global
	GlobalSection(SolutionConfigurationPlatforms) = preSolution
		Debug|Any CPU = Debug|Any CPU
		Release|Any CPU = Release|Any CPU
	EndGlobalSection
	GlobalSection(ProjectConfigurationPlatforms) = postSolution
		{8F3BF759-D5E6-4DD9-A58C-9B6FBC5F2C1C}.Debug|Any CPU.ActiveCfg = Debug|Any CPU
		{8F3BF759-D5E6-4DD9-A58C-9B6FBC5F2C1C}.Debug|Any CPU.Build.0 = Debug|Any CPU
		{8F3BF759-D5E6-4DD9-A58C-9B6FBC5F2C1C}.Debug|Any CPU.Deploy.0 = Debug|Any CPU
		{8F3BF759-D5E6-4DD9-A58C-9B6FBC5F2C1C}.Release|Any CPU.ActiveCfg = Release|Any CPU
		{8F3BF759-D5E6-4DD9-A58C-9B6FBC5F2C1C}.Release|Any CPU.Build.0 = Release|Any CPU
		{8F3BF759-D5E6-4DD9-A58C-9B6FBC5F2C1C}.Release|Any CPU.Deploy.0 = Release|Any CPU
		{B99CDA29-5060-40F6-943C-47F333E68585}.Debug|Any CPU.ActiveCfg = Debug|Any CPU
		{B99CDA29-5060-40F6-943C-47F333E68585}.Debug|Any CPU.Build.0 = Debug|Any CPU
		{B99CDA29-5060-40F6-943C-47F333E68585}.Release|Any CPU.ActiveCfg = Release|Any CPU
		{B99CDA29-5060-40F6-943C-47F333E68585}.Release|Any CPU.Build.0 = Release|Any CPU
		{14AE023E-A7C1-4D8F-BCB8-A06322645B60}.Debug|Any CPU.ActiveCfg = Debug|Any CPU
		{14AE023E-A7C1-4D8F-BCB8-A06322645B60}.Debug|Any CPU.Build.0 = Debug|Any CPU
		{14AE023E-A7C1-4D8F-BCB8-A06322645B60}.Release|Any CPU.ActiveCfg = Release|Any CPU
		{14AE023E-A7C1-4D8F-BCB8-A06322645B60}.Release|Any CPU.Build.0 = Release|Any CPU
	EndGlobalSection
	GlobalSection(SolutionProperties) = preSolution
		HideSolutionNode = FALSE
	EndGlobalSection
	GlobalSection(ExtensibilityGlobals) = postSolution
		SolutionGuid = {56BB0476-6BEA-4810-8632-471E7C8923A8}
	EndGlobalSection
EndGlobal
